
Microsoft Visual Studio Solution File, Format Version 12.00
# Visual Studio Version 16
VisualStudioVersion = 16.0.29613.14
MinimumVisualStudioVersion = 10.0.40219.1
Project("{FAE04EC0-301F-11D3-BF4B-00C04F79EFBC}") = "Practical 3", "Practical 3\Practical 3.csproj", "{AF588DA3-5228-4D8D-80D8-0CF1B5A632BE}"
EndProject
Global
	GlobalSection(SolutionConfigurationPlatforms) = preSolution
		Debug|Any CPU = Debug|Any CPU
		Release|Any CPU = Release|Any CPU
	EndGlobalSection
	GlobalSection(ProjectConfigurationPlatforms) = postSolution
		{AF588DA3-5228-4D8D-80D8-0CF1B5A632BE}.Debug|Any CPU.ActiveCfg = Debug|Any CPU
		{AF588DA3-5228-4D8D-80D8-0CF1B5A632BE}.Debug|Any CPU.Build.0 = Debug|Any CPU
		{AF588DA3-5228-4D8D-80D8-0CF1B5A632BE}.Release|Any CPU.ActiveCfg = Release|Any CPU
		{AF588DA3-5228-4D8D-80D8-0CF1B5A632BE}.Release|Any CPU.Build.0 = Release|Any CPU
	EndGlobalSection
	GlobalSection(SolutionProperties) = preSolution
		HideSolutionNode = FALSE
	EndGlobalSection
	GlobalSection(ExtensibilityGlobals) = postSolution
		SolutionGuid = {28F0688E-2788-4606-9B1A-3DDC1262B149}
	EndGlobalSection
EndGlobal
